
Microsoft Visual Studio Solution File, Format Version 12.00
# Visual Studio Version 16
VisualStudioVersion = 16.0.31129.286
MinimumVisualStudioVersion = 10.0.40219.1
Project("{FAE04EC0-301F-11D3-BF4B-00C04F79EFBC}") = "IVM.Studio", "IVM.Studio\IVM.Studio.csproj", "{FE7975E0-704B-46B6-87AF-804FE7964531}"
EndProject
Project("{FAE04EC0-301F-11D3-BF4B-00C04F79EFBC}") = "IVM.ImageStackViewLib", "IVM.ImageStackViewLib\IVM.ImageStackViewLib.csproj", "{1451E18E-3E3A-4C6D-942E-744580A82B63}"
EndProject
Project("{FAE04EC0-301F-11D3-BF4B-00C04F79EFBC}") = "IVM.ImageStackViewTest", "IVM.ImageStackViewTest\IVM.ImageStackViewTest.csproj", "{C9C72EF3-114D-408B-BC1C-CA9C5CA41236}"
EndProject
Global
	GlobalSection(SolutionConfigurationPlatforms) = preSolution
		Debug|Any CPU = Debug|Any CPU
		Debug|x64 = Debug|x64
		Release|Any CPU = Release|Any CPU
		Release|x64 = Release|x64
	EndGlobalSection
	GlobalSection(ProjectConfigurationPlatforms) = postSolution
		{FE7975E0-704B-46B6-87AF-804FE7964531}.Debug|Any CPU.ActiveCfg = Debug|Any CPU
		{FE7975E0-704B-46B6-87AF-804FE7964531}.Debug|Any CPU.Build.0 = Debug|Any CPU
		{FE7975E0-704B-46B6-87AF-804FE7964531}.Debug|x64.ActiveCfg = Debug|x64
		{FE7975E0-704B-46B6-87AF-804FE7964531}.Debug|x64.Build.0 = Debug|x64
		{FE7975E0-704B-46B6-87AF-804FE7964531}.Release|Any CPU.ActiveCfg = Release|Any CPU
		{FE7975E0-704B-46B6-87AF-804FE7964531}.Release|Any CPU.Build.0 = Release|Any CPU
		{FE7975E0-704B-46B6-87AF-804FE7964531}.Release|x64.ActiveCfg = Release|x64
		{FE7975E0-704B-46B6-87AF-804FE7964531}.Release|x64.Build.0 = Release|x64
		{1451E18E-3E3A-4C6D-942E-744580A82B63}.Debug|Any CPU.ActiveCfg = Debug|Any CPU
		{1451E18E-3E3A-4C6D-942E-744580A82B63}.Debug|Any CPU.Build.0 = Debug|Any CPU
		{1451E18E-3E3A-4C6D-942E-744580A82B63}.Debug|x64.ActiveCfg = Debug|Any CPU
		{1451E18E-3E3A-4C6D-942E-744580A82B63}.Debug|x64.Build.0 = Debug|Any CPU
		{1451E18E-3E3A-4C6D-942E-744580A82B63}.Release|Any CPU.ActiveCfg = Release|Any CPU
		{1451E18E-3E3A-4C6D-942E-744580A82B63}.Release|Any CPU.Build.0 = Release|Any CPU
		{1451E18E-3E3A-4C6D-942E-744580A82B63}.Release|x64.ActiveCfg = Release|Any CPU
		{1451E18E-3E3A-4C6D-942E-744580A82B63}.Release|x64.Build.0 = Release|Any CPU
		{C9C72EF3-114D-408B-BC1C-CA9C5CA41236}.Debug|Any CPU.ActiveCfg = Debug|Any CPU
		{C9C72EF3-114D-408B-BC1C-CA9C5CA41236}.Debug|Any CPU.Build.0 = Debug|Any CPU
		{C9C72EF3-114D-408B-BC1C-CA9C5CA41236}.Debug|x64.ActiveCfg = Debug|Any CPU
		{C9C72EF3-114D-408B-BC1C-CA9C5CA41236}.Debug|x64.Build.0 = Debug|Any CPU
		{C9C72EF3-114D-408B-BC1C-CA9C5CA41236}.Release|Any CPU.ActiveCfg = Release|Any CPU
		{C9C72EF3-114D-408B-BC1C-CA9C5CA41236}.Release|Any CPU.Build.0 = Release|Any CPU
		{C9C72EF3-114D-408B-BC1C-CA9C5CA41236}.Release|x64.ActiveCfg = Release|Any CPU
		{C9C72EF3-114D-408B-BC1C-CA9C5CA41236}.Release|x64.Build.0 = Release|Any CPU
	EndGlobalSection
	GlobalSection(SolutionProperties) = preSolution
		HideSolutionNode = FALSE
	EndGlobalSection
	GlobalSection(ExtensibilityGlobals) = postSolution
		SolutionGuid = {A7440133-5EF3-432E-881C-A6BD81135EDA}
	EndGlobalSection
EndGlobal
